### YamlMime:ManagedReference
items:
- uid: Microsoft.JScript.Block
  id: Block
  children: []
  langs:
  - csharp
  name: Block
  nameWithType: Block
  fullName: Microsoft.JScript.Block
  type: Class
  summary: "JScript에서 블록을 나타냅니다. 이 클래스에서 주로 사용 됩니다는 <xref href=&quot;Microsoft.JScript.JSParser&quot;> </xref> 개체를 만드는 블록 코드를 구문 분석할 때. 이 클래스는 추상 구문 트리 범주에 속합니다."
  syntax:
    content: 'public sealed class Block : Microsoft.JScript.AST'
  inheritance:
  - System.Object
  - Microsoft.JScript.AST
  implements: []
  inheritedMembers: []
  platform:
  - net462
references:
- uid: Microsoft.JScript.AST
  isExternal: false
  name: Microsoft.JScript.AST
